
Microsoft Visual Studio Solution File, Format Version 12.00
# Visual Studio Version 17
VisualStudioVersion = 17.10.34928.147
MinimumVisualStudioVersion = 10.0.40219.1
Project("{FAE04EC0-301F-11D3-BF4B-00C04F79EFBC}") = "MTG-Tavern-MVP", "MTG-Tavern-MVP.csproj", "{81323E13-B447-452B-8E68-6D4CCE20B283}"
EndProject
Global
	GlobalSection(SolutionConfigurationPlatforms) = preSolution
		Debug|Any CPU = Debug|Any CPU
		Release|Any CPU = Release|Any CPU
	EndGlobalSection
	GlobalSection(ProjectConfigurationPlatforms) = postSolution
		{81323E13-B447-452B-8E68-6D4CCE20B283}.Debug|Any CPU.ActiveCfg = Debug|Any CPU
		{81323E13-B447-452B-8E68-6D4CCE20B283}.Debug|Any CPU.Build.0 = Debug|Any CPU
		{81323E13-B447-452B-8E68-6D4CCE20B283}.Release|Any CPU.ActiveCfg = Release|Any CPU
		{81323E13-B447-452B-8E68-6D4CCE20B283}.Release|Any CPU.Build.0 = Release|Any CPU
	EndGlobalSection
	GlobalSection(SolutionProperties) = preSolution
		HideSolutionNode = FALSE
	EndGlobalSection
	GlobalSection(ExtensibilityGlobals) = postSolution
		SolutionGuid = {37DEAF60-63D1-46D7-9FEA-EFBE23AFF4E3}
	EndGlobalSection
EndGlobal
